
Microsoft Visual Studio Solution File, Format Version 12.00
# Visual Studio Version 17
VisualStudioVersion = 17.7.34202.233
MinimumVisualStudioVersion = 10.0.40219.1
Project("{FAE04EC0-301F-11D3-BF4B-00C04F79EFBC}") = "Diary", "Diary\Diary.csproj", "{09AD6B65-7190-4CB6-8FD9-BB64546F60B9}"
EndProject
Global
	GlobalSection(SolutionConfigurationPlatforms) = preSolution
		Debug|Any CPU = Debug|Any CPU
		Release|Any CPU = Release|Any CPU
	EndGlobalSection
	GlobalSection(ProjectConfigurationPlatforms) = postSolution
		{09AD6B65-7190-4CB6-8FD9-BB64546F60B9}.Debug|Any CPU.ActiveCfg = Debug|Any CPU
		{09AD6B65-7190-4CB6-8FD9-BB64546F60B9}.Debug|Any CPU.Build.0 = Debug|Any CPU
		{09AD6B65-7190-4CB6-8FD9-BB64546F60B9}.Release|Any CPU.ActiveCfg = Release|Any CPU
		{09AD6B65-7190-4CB6-8FD9-BB64546F60B9}.Release|Any CPU.Build.0 = Release|Any CPU
	EndGlobalSection
	GlobalSection(SolutionProperties) = preSolution
		HideSolutionNode = FALSE
	EndGlobalSection
	GlobalSection(ExtensibilityGlobals) = postSolution
		SolutionGuid = {63B33719-80AE-4D72-ABCA-99BD05D25DD4}
	EndGlobalSection
EndGlobal
